// !$*UTF8*$!
{
	archiveVersion = 1;
	classes = {
	};
	objectVersion = 56;
	objects = {

/* Begin PBXBuildFile section */
		000000003D1A2B3C4D5E7001 /* DepthSettings.swift in Sources */ = {isa = PBXBuildFile; fileRef = 000000003D1A2B3C4D5E7000 /* DepthSettings.swift */; };
		000000003D1A2B3C4D5E7003 /* DepthSettingsView.swift in Sources */ = {isa = PBXBuildFile; fileRef = 000000003D1A2B3C4D5E7002 /* DepthSettingsView.swift */; };
		000000003D1A2B3C4D5E7005 /* MetalDepthView.swift in Sources */ = {isa = PBXBuildFile; fileRef = 000000003D1A2B3C4D5E7004 /* MetalDepthView.swift */; };
		000000003D1A2B3C4D5E7007 /* DepthRenderer.swift in Sources */ = {isa = PBXBuildFile; fileRef = 000000003D1A2B3C4D5E7006 /* DepthRenderer.swift */; };
		000000003D1A2B3C4D5E7009 /* DepthShaders.metal in Sources */ = {isa = PBXBuildFile; fileRef = 000000003D1A2B3C4D5E7008 /* DepthShaders.metal */; };
		3D1A2B3C4D5E6F70 /* TRiANGLApp.swift in Sources */ = {isa = PBXBuildFile; fileRef = 3D1A2B3C4D5E6F71 /* TRiANGLApp.swift */; };
		3D1A2B3C4D5E6F72 /* ContentView.swift in Sources */ = {isa = PBXBuildFile; fileRef = 3D1A2B3C4D5E6F73 /* ContentView.swift */; };
		3D1A2B3C4D5E6F74 /* ARManager.swift in Sources */ = {isa = PBXBuildFile; fileRef = 3D1A2B3C4D5E6F75 /* ARManager.swift */; };
		3D1A2B3C4D5E6F76 /* ARViewContainer.swift in Sources */ = {isa = PBXBuildFile; fileRef = 3D1A2B3C4D5E6F77 /* ARViewContainer.swift */; };
		3D1A2B3C4D5E6F78 /* ScannerView.swift in Sources */ = {isa = PBXBuildFile; fileRef = 3D1A2B3C4D5E6F79 /* ScannerView.swift */; };
		3D1A2B3C4D5E6F80 /* Assets.xcassets in Resources */ = {isa = PBXBuildFile; fileRef = 3D1A2B3C4D5E6F81 /* Assets.xcassets */; };
		3D1A2B3C4D5E6F82 /* Preview Assets.xcassets in Resources */ = {isa = PBXBuildFile; fileRef = 3D1A2B3C4D5E6F83 /* Preview Assets.xcassets */; };
		953217DC2F0FEC51003799DF /* WiFiSignalMeasurement.swift in Sources */ = {isa = PBXBuildFile; fileRef = 953217DA2F0FEC51003799DF /* WiFiSignalMeasurement.swift */; };
		953217DD2F0FEC51003799DF /* WiFiHeatmapManager.swift in Sources */ = {isa = PBXBuildFile; fileRef = 953217D62F0FEC51003799DF /* WiFiHeatmapManager.swift */; };
		953217DE2F0FEC51003799DF /* WiFiHeatmapARContainer.swift in Sources */ = {isa = PBXBuildFile; fileRef = 953217D52F0FEC51003799DF /* WiFiHeatmapARContainer.swift */; };
		953217DF2F0FEC51003799DF /* WiFiHeatmapView.swift in Sources */ = {isa = PBXBuildFile; fileRef = 953217D72F0FEC51003799DF /* WiFiHeatmapView.swift */; };
		953217E02F0FEC51003799DF /* WiFiScannerView.swift in Sources */ = {isa = PBXBuildFile; fileRef = 953217D92F0FEC51003799DF /* WiFiScannerView.swift */; };
		953217E12F0FEC51003799DF /* WiFiSignalMonitor.swift in Sources */ = {isa = PBXBuildFile; fileRef = 953217DB2F0FEC51003799DF /* WiFiSignalMonitor.swift */; };
		953217E22F0FEC51003799DF /* WiFiDevice.swift in Sources */ = {isa = PBXBuildFile; fileRef = 953217D42F0FEC51003799DF /* WiFiDevice.swift */; };
		953217E32F0FEC51003799DF /* WiFiScanner.swift in Sources */ = {isa = PBXBuildFile; fileRef = 953217D82F0FEC51003799DF /* WiFiScanner.swift */; };
/* End PBXBuildFile section */

/* Begin PBXFileReference section */
		000000003D1A2B3C4D5E7000 /* DepthSettings.swift */ = {isa = PBXFileReference; lastKnownFileType = sourcecode.swift; path = DepthSettings.swift; sourceTree = "<group>"; };
		000000003D1A2B3C4D5E7002 /* DepthSettingsView.swift */ = {isa = PBXFileReference; lastKnownFileType = sourcecode.swift; path = DepthSettingsView.swift; sourceTree = "<group>"; };
		000000003D1A2B3C4D5E7004 /* MetalDepthView.swift */ = {isa = PBXFileReference; lastKnownFileType = sourcecode.swift; path = MetalDepthView.swift; sourceTree = "<group>"; };
		000000003D1A2B3C4D5E7006 /* DepthRenderer.swift */ = {isa = PBXFileReference; lastKnownFileType = sourcecode.swift; path = DepthRenderer.swift; sourceTree = "<group>"; };
		000000003D1A2B3C4D5E7008 /* DepthShaders.metal */ = {isa = PBXFileReference; lastKnownFileType = sourcecode.metal; path = DepthShaders.metal; sourceTree = "<group>"; };
		3D1A2B3C4D5E6F71 /* TRiANGLApp.swift */ = {isa = PBXFileReference; lastKnownFileType = sourcecode.swift; path = TRiANGLApp.swift; sourceTree = "<group>"; };
		3D1A2B3C4D5E6F73 /* ContentView.swift */ = {isa = PBXFileReference; lastKnownFileType = sourcecode.swift; path = ContentView.swift; sourceTree = "<group>"; };
		3D1A2B3C4D5E6F75 /* ARManager.swift */ = {isa = PBXFileReference; lastKnownFileType = sourcecode.swift; path = ARManager.swift; sourceTree = "<group>"; };
		3D1A2B3C4D5E6F77 /* ARViewContainer.swift */ = {isa = PBXFileReference; lastKnownFileType = sourcecode.swift; path = ARViewContainer.swift; sourceTree = "<group>"; };
		3D1A2B3C4D5E6F79 /* ScannerView.swift */ = {isa = PBXFileReference; lastKnownFileType = sourcecode.swift; path = ScannerView.swift; sourceTree = "<group>"; };
		3D1A2B3C4D5E6F81 /* Assets.xcassets */ = {isa = PBXFileReference; lastKnownFileType = folder.assetcatalog; path = Assets.xcassets; sourceTree = "<group>"; };
		3D1A2B3C4D5E6F83 /* Preview Assets.xcassets */ = {isa = PBXFileReference; lastKnownFileType = folder.assetcatalog; path = "Preview Assets.xcassets"; sourceTree = "<group>"; };
		3D1A2B3C4D5E6F84 /* TRiANGL.app */ = {isa = PBXFileReference; explicitFileType = wrapper.application; includeInIndex = 0; path = TRiANGL.app; sourceTree = BUILT_PRODUCTS_DIR; };
		3D1A2B3C4D5E6F85 /* Info.plist */ = {isa = PBXFileReference; lastKnownFileType = text.plist.xml; path = Info.plist; sourceTree = "<group>"; };
		953217D42F0FEC51003799DF /* WiFiDevice.swift */ = {isa = PBXFileReference; lastKnownFileType = sourcecode.swift; path = WiFiDevice.swift; sourceTree = "<group>"; };
		953217D52F0FEC51003799DF /* WiFiHeatmapARContainer.swift */ = {isa = PBXFileReference; lastKnownFileType = sourcecode.swift; path = WiFiHeatmapARContainer.swift; sourceTree = "<group>"; };
		953217D62F0FEC51003799DF /* WiFiHeatmapManager.swift */ = {isa = PBXFileReference; lastKnownFileType = sourcecode.swift; path = WiFiHeatmapManager.swift; sourceTree = "<group>"; };
		953217D72F0FEC51003799DF /* WiFiHeatmapView.swift */ = {isa = PBXFileReference; lastKnownFileType = sourcecode.swift; path = WiFiHeatmapView.swift; sourceTree = "<group>"; };
		953217D82F0FEC51003799DF /* WiFiScanner.swift */ = {isa = PBXFileReference; lastKnownFileType = sourcecode.swift; path = WiFiScanner.swift; sourceTree = "<group>"; };
		953217D92F0FEC51003799DF /* WiFiScannerView.swift */ = {isa = PBXFileReference; lastKnownFileType = sourcecode.swift; path = WiFiScannerView.swift; sourceTree = "<group>"; };
		953217DA2F0FEC51003799DF /* WiFiSignalMeasurement.swift */ = {isa = PBXFileReference; lastKnownFileType = sourcecode.swift; path = WiFiSignalMeasurement.swift; sourceTree = "<group>"; };
		953217DB2F0FEC51003799DF /* WiFiSignalMonitor.swift */ = {isa = PBXFileReference; lastKnownFileType = sourcecode.swift; path = WiFiSignalMonitor.swift; sourceTree = "<group>"; };
/* End PBXFileReference section */

/* Begin PBXFrameworksBuildPhase section */
		3D1A2B3C4D5E6F86 /* Frameworks */ = {
			isa = PBXFrameworksBuildPhase;
			buildActionMask = 2147483647;
			files = (
			);
			runOnlyForDeploymentPostprocessing = 0;
		};
/* End PBXFrameworksBuildPhase section */

/* Begin PBXGroup section */
		3D1A2B3C4D5E6F87 = {
			isa = PBXGroup;
			children = (
				3D1A2B3C4D5E6F88 /* TRiANGL */,
				3D1A2B3C4D5E6F89 /* Products */,
			);
			sourceTree = "<group>";
		};
		3D1A2B3C4D5E6F88 /* TRiANGL */ = {
			isa = PBXGroup;
			children = (
				953217D42F0FEC51003799DF /* WiFiDevice.swift */,
				953217D52F0FEC51003799DF /* WiFiHeatmapARContainer.swift */,
				953217D62F0FEC51003799DF /* WiFiHeatmapManager.swift */,
				953217D72F0FEC51003799DF /* WiFiHeatmapView.swift */,
				953217D82F0FEC51003799DF /* WiFiScanner.swift */,
				953217D92F0FEC51003799DF /* WiFiScannerView.swift */,
				953217DA2F0FEC51003799DF /* WiFiSignalMeasurement.swift */,
				953217DB2F0FEC51003799DF /* WiFiSignalMonitor.swift */,
				3D1A2B3C4D5E6F71 /* TRiANGLApp.swift */,
				3D1A2B3C4D5E6F73 /* ContentView.swift */,
				3D1A2B3C4D5E6F79 /* ScannerView.swift */,
				3D1A2B3C4D5E6F75 /* ARManager.swift */,
				3D1A2B3C4D5E6F77 /* ARViewContainer.swift */,
				3D1A2B3C4D5E6F81 /* Assets.xcassets */,
				3D1A2B3C4D5E6F85 /* Info.plist */,
				3D1A2B3C4D5E6F90 /* Preview Content */,
				000000003D1A2B3C4D5E7000 /* DepthSettings.swift */,
				000000003D1A2B3C4D5E7002 /* DepthSettingsView.swift */,
				000000003D1A2B3C4D5E7004 /* MetalDepthView.swift */,
				000000003D1A2B3C4D5E7006 /* DepthRenderer.swift */,
				000000003D1A2B3C4D5E7008 /* DepthShaders.metal */,
			);
			path = TRiANGL;
			sourceTree = "<group>";
		};
		3D1A2B3C4D5E6F89 /* Products */ = {
			isa = PBXGroup;
			children = (
				3D1A2B3C4D5E6F84 /* TRiANGL.app */,
			);
			name = Products;
			sourceTree = "<group>";
		};
		3D1A2B3C4D5E6F90 /* Preview Content */ = {
			isa = PBXGroup;
			children = (
				3D1A2B3C4D5E6F83 /* Preview Assets.xcassets */,
			);
			path = "Preview Content";
			sourceTree = "<group>";
		};
/* End PBXGroup section */

/* Begin PBXNativeTarget section */
		3D1A2B3C4D5E6F91 /* TRiANGL */ = {
			isa = PBXNativeTarget;
			buildConfigurationList = 3D1A2B3C4D5E6F92 /* Build configuration list for PBXNativeTarget "TRiANGL" */;
			buildPhases = (
				3D1A2B3C4D5E6F93 /* Sources */,
				3D1A2B3C4D5E6F86 /* Frameworks */,
				3D1A2B3C4D5E6F94 /* Resources */,
			);
			buildRules = (
			);
			dependencies = (
			);
			name = TRiANGL;
			productName = TRiANGL;
			productReference = 3D1A2B3C4D5E6F84 /* TRiANGL.app */;
			productType = "com.apple.product-type.application";
		};
/* End PBXNativeTarget section */

/* Begin PBXProject section */
		3D1A2B3C4D5E6F95 /* Project object */ = {
			isa = PBXProject;
			attributes = {
				BuildIndependentTargetsInParallel = 1;
				LastSwiftUpdateCheck = 1500;
				LastUpgradeCheck = 2620;
				TargetAttributes = {
					3D1A2B3C4D5E6F91 = {
						CreatedOnToolsVersion = 15.0;
					};
				};
			};
			buildConfigurationList = 3D1A2B3C4D5E6F96 /* Build configuration list for PBXProject "TRiANGL" */;
			compatibilityVersion = "Xcode 14.0";
			developmentRegion = en;
			hasScannedForEncodings = 0;
			knownRegions = (
				en,
				Base,
			);
			mainGroup = 3D1A2B3C4D5E6F87;
			productRefGroup = 3D1A2B3C4D5E6F89 /* Products */;
			projectDirPath = "";
			projectRoot = "";
			targets = (
				3D1A2B3C4D5E6F91 /* TRiANGL */,
			);
		};
/* End PBXProject section */

/* Begin PBXResourcesBuildPhase section */
		3D1A2B3C4D5E6F94 /* Resources */ = {
			isa = PBXResourcesBuildPhase;
			buildActionMask = 2147483647;
			files = (
				3D1A2B3C4D5E6F82 /* Preview Assets.xcassets in Resources */,
				3D1A2B3C4D5E6F80 /* Assets.xcassets in Resources */,
			);
			runOnlyForDeploymentPostprocessing = 0;
		};
/* End PBXResourcesBuildPhase section */

/* Begin PBXSourcesBuildPhase section */
		3D1A2B3C4D5E6F93 /* Sources */ = {
			isa = PBXSourcesBuildPhase;
			buildActionMask = 2147483647;
			files = (
				3D1A2B3C4D5E6F72 /* ContentView.swift in Sources */,
				3D1A2B3C4D5E6F70 /* TRiANGLApp.swift in Sources */,
				3D1A2B3C4D5E6F74 /* ARManager.swift in Sources */,
				953217DC2F0FEC51003799DF /* WiFiSignalMeasurement.swift in Sources */,
				953217DD2F0FEC51003799DF /* WiFiHeatmapManager.swift in Sources */,
				953217DE2F0FEC51003799DF /* WiFiHeatmapARContainer.swift in Sources */,
				953217DF2F0FEC51003799DF /* WiFiHeatmapView.swift in Sources */,
				953217E02F0FEC51003799DF /* WiFiScannerView.swift in Sources */,
				953217E12F0FEC51003799DF /* WiFiSignalMonitor.swift in Sources */,
				953217E22F0FEC51003799DF /* WiFiDevice.swift in Sources */,
				953217E32F0FEC51003799DF /* WiFiScanner.swift in Sources */,
				3D1A2B3C4D5E6F76 /* ARViewContainer.swift in Sources */,
				3D1A2B3C4D5E6F78 /* ScannerView.swift in Sources */,
				000000003D1A2B3C4D5E7001 /* DepthSettings.swift in Sources */,
				000000003D1A2B3C4D5E7003 /* DepthSettingsView.swift in Sources */,
				000000003D1A2B3C4D5E7005 /* MetalDepthView.swift in Sources */,
				000000003D1A2B3C4D5E7007 /* DepthRenderer.swift in Sources */,
				000000003D1A2B3C4D5E7009 /* DepthShaders.metal in Sources */,
			);
			runOnlyForDeploymentPostprocessing = 0;
		};
/* End PBXSourcesBuildPhase section */

/* Begin XCBuildConfiguration section */
		3D1A2B3C4D5E6F97 /* Debug */ = {
			isa = XCBuildConfiguration;
			buildSettings = {
				ALWAYS_SEARCH_USER_PATHS = NO;
				ASSETCATALOG_COMPILER_GENERATE_SWIFT_ASSET_SYMBOL_EXTENSIONS = YES;
				CLANG_ANALYZER_NONNULL = YES;
				CLANG_ANALYZER_NUMBER_OBJECT_CONVERSION = YES_AGGRESSIVE;
				CLANG_CXX_LANGUAGE_STANDARD = "gnu++20";
				CLANG_ENABLE_MODULES = YES;
				CLANG_ENABLE_OBJC_ARC = YES;
				CLANG_ENABLE_OBJC_WEAK = YES;
				CLANG_WARN_BLOCK_CAPTURE_AUTORELEASING = YES;
				CLANG_WARN_BOOL_CONVERSION = YES;
				CLANG_WARN_COMMA = YES;
				CLANG_WARN_CONSTANT_CONVERSION = YES;
				CLANG_WARN_DEPRECATED_OBJC_IMPLEMENTATIONS = YES;
				CLANG_WARN_DIRECT_OBJC_ISA_USAGE = YES_ERROR;
				CLANG_WARN_DOCUMENTATION_COMMENTS = YES;
				CLANG_WARN_EMPTY_BODY = YES;
				CLANG_WARN_ENUM_CONVERSION = YES;
				CLANG_WARN_INFINITE_RECURSION = YES;
				CLANG_WARN_INT_CONVERSION = YES;
				CLANG_WARN_NON_LITERAL_NULL_CONVERSION = YES;
				CLANG_WARN_OBJC_IMPLICIT_RETAIN_SELF = YES;
				CLANG_WARN_OBJC_LITERAL_CONVERSION = YES;
				CLANG_WARN_OBJC_ROOT_CLASS = YES_ERROR;
				CLANG_WARN_QUOTED_INCLUDE_IN_FRAMEWORK_HEADER = YES;
				CLANG_WARN_RANGE_LOOP_ANALYSIS = YES;
				CLANG_WARN_STRICT_PROTOTYPES = YES;
				CLANG_WARN_SUSPICIOUS_MOVE = YES;
				CLANG_WARN_UNGUARDED_AVAILABILITY = YES_AGGRESSIVE;
				CLANG_WARN_UNREACHABLE_CODE = YES;
				CLANG_WARN__DUPLICATE_METHOD_MATCH = YES;
				COPY_PHASE_STRIP = NO;
				DEBUG_INFORMATION_FORMAT = dwarf;
				DEVELOPMENT_TEAM = G5XJHH6D5T;
				ENABLE_STRICT_OBJC_MSGSEND = YES;
				ENABLE_TESTABILITY = YES;
				ENABLE_USER_SCRIPT_SANDBOXING = YES;
				GCC_C_LANGUAGE_STANDARD = gnu17;
				GCC_DYNAMIC_NO_PIC = NO;
				GCC_NO_COMMON_BLOCKS = YES;
				GCC_OPTIMIZATION_LEVEL = 0;
				GCC_PREPROCESSOR_DEFINITIONS = (
					"DEBUG=1",
					"$(inherited)",
				);
				GCC_WARN_64_TO_32_BIT_CONVERSION = YES;
				GCC_WARN_ABOUT_RETURN_TYPE = YES_ERROR;
				GCC_WARN_UNDECLARED_SELECTOR = YES;
				GCC_WARN_UNINITIALIZED_AUTOS = YES_AGGRESSIVE;
				GCC_WARN_UNUSED_FUNCTION = YES;
				GCC_WARN_UNUSED_VARIABLE = YES;
				IPHONEOS_DEPLOYMENT_TARGET = 26.0;
				LOCALIZATION_PREFERS_STRING_CATALOGS = YES;
				MTL_ENABLE_DEBUG_INFO = INCLUDE_SOURCE;
				MTL_FAST_MATH = YES;
				ONLY_ACTIVE_ARCH = YES;
				SDKROOT = iphoneos;
				STRING_CATALOG_GENERATE_SYMBOLS = YES;
				SWIFT_ACTIVE_COMPILATION_CONDITIONS = "DEBUG $(inherited)";
				SWIFT_OPTIMIZATION_LEVEL = "-Onone";
			};
			name = Debug;
		};
		3D1A2B3C4D5E6F98 /* Release */ = {
			isa = XCBuildConfiguration;
			buildSettings = {
				ALWAYS_SEARCH_USER_PATHS = NO;
				ASSETCATALOG_COMPILER_GENERATE_SWIFT_ASSET_SYMBOL_EXTENSIONS = YES;
				CLANG_ANALYZER_NONNULL = YES;
				CLANG_ANALYZER_NUMBER_OBJECT_CONVERSION = YES_AGGRESSIVE;
				CLANG_CXX_LANGUAGE_STANDARD = "gnu++20";
				CLANG_ENABLE_MODULES = YES;
				CLANG_ENABLE_OBJC_ARC = YES;
				CLANG_ENABLE_OBJC_WEAK = YES;
				CLANG_WARN_BLOCK_CAPTURE_AUTORELEASING = YES;
				CLANG_WARN_BOOL_CONVERSION = YES;
				CLANG_WARN_COMMA = YES;
				CLANG_WARN_CONSTANT_CONVERSION = YES;
				CLANG_WARN_DEPRECATED_OBJC_IMPLEMENTATIONS = YES;
				CLANG_WARN_DIRECT_OBJC_ISA_USAGE = YES_ERROR;
				CLANG_WARN_DOCUMENTATION_COMMENTS = YES;
				CLANG_WARN_EMPTY_BODY = YES;
				CLANG_WARN_ENUM_CONVERSION = YES;
				CLANG_WARN_INFINITE_RECURSION = YES;
				CLANG_WARN_INT_CONVERSION = YES;
				CLANG_WARN_NON_LITERAL_NULL_CONVERSION = YES;
				CLANG_WARN_OBJC_IMPLICIT_RETAIN_SELF = YES;
				CLANG_WARN_OBJC_LITERAL_CONVERSION = YES;
				CLANG_WARN_OBJC_ROOT_CLASS = YES_ERROR;
				CLANG_WARN_QUOTED_INCLUDE_IN_FRAMEWORK_HEADER = YES;
				CLANG_WARN_RANGE_LOOP_ANALYSIS = YES;
				CLANG_WARN_STRICT_PROTOTYPES = YES;
				CLANG_WARN_SUSPICIOUS_MOVE = YES;
				CLANG_WARN_UNGUARDED_AVAILABILITY = YES_AGGRESSIVE;
				CLANG_WARN_UNREACHABLE_CODE = YES;
				CLANG_WARN__DUPLICATE_METHOD_MATCH = YES;
				COPY_PHASE_STRIP = NO;
				DEBUG_INFORMATION_FORMAT = "dwarf-with-dsym";
				DEVELOPMENT_TEAM = G5XJHH6D5T;
				ENABLE_NS_ASSERTIONS = NO;
				ENABLE_STRICT_OBJC_MSGSEND = YES;
				ENABLE_USER_SCRIPT_SANDBOXING = YES;
				GCC_C_LANGUAGE_STANDARD = gnu17;
				GCC_NO_COMMON_BLOCKS = YES;
				GCC_WARN_64_TO_32_BIT_CONVERSION = YES;
				GCC_WARN_ABOUT_RETURN_TYPE = YES_ERROR;
				GCC_WARN_UNDECLARED_SELECTOR = YES;
				GCC_WARN_UNINITIALIZED_AUTOS = YES_AGGRESSIVE;
				GCC_WARN_UNUSED_FUNCTION = YES;
				GCC_WARN_UNUSED_VARIABLE = YES;
				IPHONEOS_DEPLOYMENT_TARGET = 26.0;
				LOCALIZATION_PREFERS_STRING_CATALOGS = YES;
				MTL_ENABLE_DEBUG_INFO = NO;
				MTL_FAST_MATH = YES;
				SDKROOT = iphoneos;
				STRING_CATALOG_GENERATE_SYMBOLS = YES;
				SWIFT_COMPILATION_MODE = wholemodule;
				VALIDATE_PRODUCT = YES;
			};
			name = Release;
		};
		3D1A2B3C4D5E6F99 /* Debug */ = {
			isa = XCBuildConfiguration;
			buildSettings = {
				ASSETCATALOG_COMPILER_APPICON_NAME = AppIcon;
				ASSETCATALOG_COMPILER_GLOBAL_ACCENT_COLOR_NAME = AccentColor;
				CODE_SIGN_STYLE = Automatic;
				CURRENT_PROJECT_VERSION = 1;
				DEVELOPMENT_ASSET_PATHS = "\"TRiANGL/Preview Content\"";
				ENABLE_PREVIEWS = YES;
				GENERATE_INFOPLIST_FILE = NO;
				INFOPLIST_FILE = TRiANGL/Info.plist;
				INFOPLIST_KEY_NSCameraUsageDescription = "TRiANGL needs camera access for AR scanning";
				INFOPLIST_KEY_UIApplicationSceneManifest_Generation = YES;
				INFOPLIST_KEY_UIApplicationSupportsIndirectInputEvents = YES;
				INFOPLIST_KEY_UILaunchScreen_Generation = YES;
				INFOPLIST_KEY_UISupportedInterfaceOrientations = UIInterfaceOrientationPortrait;
				INFOPLIST_KEY_UISupportedInterfaceOrientations_iPad = "UIInterfaceOrientationLandscapeLeft UIInterfaceOrientationLandscapeRight UIInterfaceOrientationPortrait UIInterfaceOrientationPortraitUpsideDown";
				LD_RUNPATH_SEARCH_PATHS = (
					"$(inherited)",
					"@executable_path/Frameworks",
				);
				MARKETING_VERSION = 1.0;
				PRODUCT_BUNDLE_IDENTIFIER = com.triangl.TRiANGL;
				PRODUCT_NAME = "$(TARGET_NAME)";
				SUPPORTED_PLATFORMS = "iphoneos iphonesimulator";
				SUPPORTS_MACCATALYST = NO;
				SUPPORTS_MAC_DESIGNED_FOR_IPHONE_IPAD = NO;
				SWIFT_EMIT_LOC_STRINGS = YES;
				SWIFT_VERSION = 5.0;
				TARGETED_DEVICE_FAMILY = 1;
			};
			name = Debug;
		};
		3D1A2B3C4D5E6F9A /* Release */ = {
			isa = XCBuildConfiguration;
			buildSettings = {
				ASSETCATALOG_COMPILER_APPICON_NAME = AppIcon;
				ASSETCATALOG_COMPILER_GLOBAL_ACCENT_COLOR_NAME = AccentColor;
				CODE_SIGN_STYLE = Automatic;
				CURRENT_PROJECT_VERSION = 1;
				DEVELOPMENT_ASSET_PATHS = "\"TRiANGL/Preview Content\"";
				ENABLE_PREVIEWS = YES;
				GENERATE_INFOPLIST_FILE = NO;
				INFOPLIST_FILE = TRiANGL/Info.plist;
				INFOPLIST_KEY_NSCameraUsageDescription = "TRiANGL needs camera access for AR scanning";
				INFOPLIST_KEY_UIApplicationSceneManifest_Generation = YES;
				INFOPLIST_KEY_UIApplicationSupportsIndirectInputEvents = YES;
				INFOPLIST_KEY_UILaunchScreen_Generation = YES;
				INFOPLIST_KEY_UISupportedInterfaceOrientations = UIInterfaceOrientationPortrait;
				INFOPLIST_KEY_UISupportedInterfaceOrientations_iPad = "UIInterfaceOrientationLandscapeLeft UIInterfaceOrientationLandscapeRight UIInterfaceOrientationPortrait UIInterfaceOrientationPortraitUpsideDown";
				LD_RUNPATH_SEARCH_PATHS = (
					"$(inherited)",
					"@executable_path/Frameworks",
				);
				MARKETING_VERSION = 1.0;
				PRODUCT_BUNDLE_IDENTIFIER = com.triangl.TRiANGL;
				PRODUCT_NAME = "$(TARGET_NAME)";
				SUPPORTED_PLATFORMS = "iphoneos iphonesimulator";
				SUPPORTS_MACCATALYST = NO;
				SUPPORTS_MAC_DESIGNED_FOR_IPHONE_IPAD = NO;
				SWIFT_EMIT_LOC_STRINGS = YES;
				SWIFT_VERSION = 5.0;
				TARGETED_DEVICE_FAMILY = 1;
			};
			name = Release;
		};
/* End XCBuildConfiguration section */

/* Begin XCConfigurationList section */
		3D1A2B3C4D5E6F92 /* Build configuration list for PBXNativeTarget "TRiANGL" */ = {
			isa = XCConfigurationList;
			buildConfigurations = (
				3D1A2B3C4D5E6F99 /* Debug */,
				3D1A2B3C4D5E6F9A /* Release */,
			);
			defaultConfigurationIsVisible = 0;
			defaultConfigurationName = Release;
		};
		3D1A2B3C4D5E6F96 /* Build configuration list for PBXProject "TRiANGL" */ = {
			isa = XCConfigurationList;
			buildConfigurations = (
				3D1A2B3C4D5E6F97 /* Debug */,
				3D1A2B3C4D5E6F98 /* Release */,
			);
			defaultConfigurationIsVisible = 0;
			defaultConfigurationName = Release;
		};
/* End XCConfigurationList section */
	};
	rootObject = 3D1A2B3C4D5E6F95 /* Project object */;
}
